
Microsoft Visual Studio Solution File, Format Version 12.00
# Visual Studio Version 17
VisualStudioVersion = 17.2.32516.85
MinimumVisualStudioVersion = 10.0.40219.1
Project("{FAE04EC0-301F-11D3-BF4B-00C04F79EFBC}") = "EkzZachet", "EkzZachet\EkzZachet.csproj", "{8DBD8CEF-78AF-4F88-A0E4-AB51D1B835F0}"
EndProject
Global
	GlobalSection(SolutionConfigurationPlatforms) = preSolution
		Debug|Any CPU = Debug|Any CPU
		Release|Any CPU = Release|Any CPU
	EndGlobalSection
	GlobalSection(ProjectConfigurationPlatforms) = postSolution
		{8DBD8CEF-78AF-4F88-A0E4-AB51D1B835F0}.Debug|Any CPU.ActiveCfg = Debug|Any CPU
		{8DBD8CEF-78AF-4F88-A0E4-AB51D1B835F0}.Debug|Any CPU.Build.0 = Debug|Any CPU
		{8DBD8CEF-78AF-4F88-A0E4-AB51D1B835F0}.Release|Any CPU.ActiveCfg = Release|Any CPU
		{8DBD8CEF-78AF-4F88-A0E4-AB51D1B835F0}.Release|Any CPU.Build.0 = Release|Any CPU
	EndGlobalSection
	GlobalSection(SolutionProperties) = preSolution
		HideSolutionNode = FALSE
	EndGlobalSection
	GlobalSection(ExtensibilityGlobals) = postSolution
		SolutionGuid = {2D61571D-C410-4786-A854-AEC206911AF5}
	EndGlobalSection
EndGlobal
